// !$*UTF8*$!
{
	archiveVersion = 1;
	classes = {
	};
	objectVersion = 50;
	objects = {

/* Begin PBXBuildFile section */
		9C978A0723F625E600F1BA3D /* AppDelegate.swift in Sources */ = {isa = PBXBuildFile; fileRef = 9C978A0623F625E600F1BA3D /* AppDelegate.swift */; };
		9C978A0923F625E600F1BA3D /* SceneDelegate.swift in Sources */ = {isa = PBXBuildFile; fileRef = 9C978A0823F625E600F1BA3D /* SceneDelegate.swift */; };
		9C978A0B23F625E600F1BA3D /* ContentView.swift in Sources */ = {isa = PBXBuildFile; fileRef = 9C978A0A23F625E600F1BA3D /* ContentView.swift */; };
		9C978A0D23F625E700F1BA3D /* Assets.xcassets in Resources */ = {isa = PBXBuildFile; fileRef = 9C978A0C23F625E700F1BA3D /* Assets.xcassets */; };
		9C978A1023F625E700F1BA3D /* Preview Assets.xcassets in Resources */ = {isa = PBXBuildFile; fileRef = 9C978A0F23F625E700F1BA3D /* Preview Assets.xcassets */; };
		9C978A1323F625E700F1BA3D /* LaunchScreen.storyboard in Resources */ = {isa = PBXBuildFile; fileRef = 9C978A1123F625E700F1BA3D /* LaunchScreen.storyboard */; };
		9C978A1E23F625E800F1BA3D /* BeforeAndAfterTests.swift in Sources */ = {isa = PBXBuildFile; fileRef = 9C978A1D23F625E800F1BA3D /* BeforeAndAfterTests.swift */; };
		9C978A2923F625E800F1BA3D /* BeforeAndAfterUITests.swift in Sources */ = {isa = PBXBuildFile; fileRef = 9C978A2823F625E800F1BA3D /* BeforeAndAfterUITests.swift */; };
/* End PBXBuildFile section */

/* Begin PBXContainerItemProxy section */
		9C978A1A23F625E800F1BA3D /* PBXContainerItemProxy */ = {
			isa = PBXContainerItemProxy;
			containerPortal = 9C9789FB23F625E600F1BA3D /* Project object */;
			proxyType = 1;
			remoteGlobalIDString = 9C978A0223F625E600F1BA3D;
			remoteInfo = BeforeAndAfter;
		};
		9C978A2523F625E800F1BA3D /* PBXContainerItemProxy */ = {
			isa = PBXContainerItemProxy;
			containerPortal = 9C9789FB23F625E600F1BA3D /* Project object */;
			proxyType = 1;
			remoteGlobalIDString = 9C978A0223F625E600F1BA3D;
			remoteInfo = BeforeAndAfter;
		};
/* End PBXContainerItemProxy section */

/* Begin PBXFileReference section */
		9C978A0323F625E600F1BA3D /* BeforeAndAfter.app */ = {isa = PBXFileReference; explicitFileType = wrapper.application; includeInIndex = 0; path = BeforeAndAfter.app; sourceTree = BUILT_PRODUCTS_DIR; };
		9C978A0623F625E600F1BA3D /* AppDelegate.swift */ = {isa = PBXFileReference; lastKnownFileType = sourcecode.swift; path = AppDelegate.swift; sourceTree = "<group>"; };
		9C978A0823F625E600F1BA3D /* SceneDelegate.swift */ = {isa = PBXFileReference; lastKnownFileType = sourcecode.swift; path = SceneDelegate.swift; sourceTree = "<group>"; };
		9C978A0A23F625E600F1BA3D /* ContentView.swift */ = {isa = PBXFileReference; lastKnownFileType = sourcecode.swift; path = ContentView.swift; sourceTree = "<group>"; };
		9C978A0C23F625E700F1BA3D /* Assets.xcassets */ = {isa = PBXFileReference; lastKnownFileType = folder.assetcatalog; path = Assets.xcassets; sourceTree = "<group>"; };
		9C978A0F23F625E700F1BA3D /* Preview Assets.xcassets */ = {isa = PBXFileReference; lastKnownFileType = folder.assetcatalog; path = "Preview Assets.xcassets"; sourceTree = "<group>"; };
		9C978A1223F625E700F1BA3D /* Base */ = {isa = PBXFileReference; lastKnownFileType = file.storyboard; name = Base; path = Base.lproj/LaunchScreen.storyboard; sourceTree = "<group>"; };
		9C978A1423F625E700F1BA3D /* Info.plist */ = {isa = PBXFileReference; lastKnownFileType = text.plist.xml; path = Info.plist; sourceTree = "<group>"; };
		9C978A1923F625E800F1BA3D /* BeforeAndAfterTests.xctest */ = {isa = PBXFileReference; explicitFileType = wrapper.cfbundle; includeInIndex = 0; path = BeforeAndAfterTests.xctest; sourceTree = BUILT_PRODUCTS_DIR; };
		9C978A1D23F625E800F1BA3D /* BeforeAndAfterTests.swift */ = {isa = PBXFileReference; lastKnownFileType = sourcecode.swift; path = BeforeAndAfterTests.swift; sourceTree = "<group>"; };
		9C978A1F23F625E800F1BA3D /* Info.plist */ = {isa = PBXFileReference; lastKnownFileType = text.plist.xml; path = Info.plist; sourceTree = "<group>"; };
		9C978A2423F625E800F1BA3D /* BeforeAndAfterUITests.xctest */ = {isa = PBXFileReference; explicitFileType = wrapper.cfbundle; includeInIndex = 0; path = BeforeAndAfterUITests.xctest; sourceTree = BUILT_PRODUCTS_DIR; };
		9C978A2823F625E800F1BA3D /* BeforeAndAfterUITests.swift */ = {isa = PBXFileReference; lastKnownFileType = sourcecode.swift; path = BeforeAndAfterUITests.swift; sourceTree = "<group>"; };
		9C978A2A23F625E800F1BA3D /* Info.plist */ = {isa = PBXFileReference; lastKnownFileType = text.plist.xml; path = Info.plist; sourceTree = "<group>"; };
/* End PBXFileReference section */

/* Begin PBXFrameworksBuildPhase section */
		9C978A0023F625E600F1BA3D /* Frameworks */ = {
			isa = PBXFrameworksBuildPhase;
			buildActionMask = 2147483647;
			files = (
			);
			runOnlyForDeploymentPostprocessing = 0;
		};
		9C978A1623F625E800F1BA3D /* Frameworks */ = {
			isa = PBXFrameworksBuildPhase;
			buildActionMask = 2147483647;
			files = (
			);
			runOnlyForDeploymentPostprocessing = 0;
		};
		9C978A2123F625E800F1BA3D /* Frameworks */ = {
			isa = PBXFrameworksBuildPhase;
			buildActionMask = 2147483647;
			files = (
			);
			runOnlyForDeploymentPostprocessing = 0;
		};
/* End PBXFrameworksBuildPhase section */

/* Begin PBXGroup section */
		9C9789FA23F625E600F1BA3D = {
			isa = PBXGroup;
			children = (
				9C978A0523F625E600F1BA3D /* BeforeAndAfter */,
				9C978A1C23F625E800F1BA3D /* BeforeAndAfterTests */,
				9C978A2723F625E800F1BA3D /* BeforeAndAfterUITests */,
				9C978A0423F625E600F1BA3D /* Products */,
			);
			sourceTree = "<group>";
		};
		9C978A0423F625E600F1BA3D /* Products */ = {
			isa = PBXGroup;
			children = (
				9C978A0323F625E600F1BA3D /* BeforeAndAfter.app */,
				9C978A1923F625E800F1BA3D /* BeforeAndAfterTests.xctest */,
				9C978A2423F625E800F1BA3D /* BeforeAndAfterUITests.xctest */,
			);
			name = Products;
			sourceTree = "<group>";
		};
		9C978A0523F625E600F1BA3D /* BeforeAndAfter */ = {
			isa = PBXGroup;
			children = (
				9C978A0623F625E600F1BA3D /* AppDelegate.swift */,
				9C978A0823F625E600F1BA3D /* SceneDelegate.swift */,
				9C978A0A23F625E600F1BA3D /* ContentView.swift */,
				9C978A0C23F625E700F1BA3D /* Assets.xcassets */,
				9C978A1123F625E700F1BA3D /* LaunchScreen.storyboard */,
				9C978A1423F625E700F1BA3D /* Info.plist */,
				9C978A0E23F625E700F1BA3D /* Preview Content */,
			);
			path = BeforeAndAfter;
			sourceTree = "<group>";
		};
		9C978A0E23F625E700F1BA3D /* Preview Content */ = {
			isa = PBXGroup;
			children = (
				9C978A0F23F625E700F1BA3D /* Preview Assets.xcassets */,
			);
			path = "Preview Content";
			sourceTree = "<group>";
		};
		9C978A1C23F625E800F1BA3D /* BeforeAndAfterTests */ = {
			isa = PBXGroup;
			children = (
				9C978A1D23F625E800F1BA3D /* BeforeAndAfterTests.swift */,
				9C978A1F23F625E800F1BA3D /* Info.plist */,
			);
			path = BeforeAndAfterTests;
			sourceTree = "<group>";
		};
		9C978A2723F625E800F1BA3D /* BeforeAndAfterUITests */ = {
			isa = PBXGroup;
			children = (
				9C978A2823F625E800F1BA3D /* BeforeAndAfterUITests.swift */,
				9C978A2A23F625E800F1BA3D /* Info.plist */,
			);
			path = BeforeAndAfterUITests;
			sourceTree = "<group>";
		};
/* End PBXGroup section */

/* Begin PBXNativeTarget section */
		9C978A0223F625E600F1BA3D /* BeforeAndAfter */ = {
			isa = PBXNativeTarget;
			buildConfigurationList = 9C978A2D23F625E800F1BA3D /* Build configuration list for PBXNativeTarget "BeforeAndAfter" */;
			buildPhases = (
				9C9789FF23F625E600F1BA3D /* Sources */,
				9C978A0023F625E600F1BA3D /* Frameworks */,
				9C978A0123F625E600F1BA3D /* Resources */,
			);
			buildRules = (
			);
			dependencies = (
			);
			name = BeforeAndAfter;
			productName = BeforeAndAfter;
			productReference = 9C978A0323F625E600F1BA3D /* BeforeAndAfter.app */;
			productType = "com.apple.product-type.application";
		};
		9C978A1823F625E800F1BA3D /* BeforeAndAfterTests */ = {
			isa = PBXNativeTarget;
			buildConfigurationList = 9C978A3023F625E800F1BA3D /* Build configuration list for PBXNativeTarget "BeforeAndAfterTests" */;
			buildPhases = (
				9C978A1523F625E800F1BA3D /* Sources */,
				9C978A1623F625E800F1BA3D /* Frameworks */,
				9C978A1723F625E800F1BA3D /* Resources */,
			);
			buildRules = (
			);
			dependencies = (
				9C978A1B23F625E800F1BA3D /* PBXTargetDependency */,
			);
			name = BeforeAndAfterTests;
			productName = BeforeAndAfterTests;
			productReference = 9C978A1923F625E800F1BA3D /* BeforeAndAfterTests.xctest */;
			productType = "com.apple.product-type.bundle.unit-test";
		};
		9C978A2323F625E800F1BA3D /* BeforeAndAfterUITests */ = {
			isa = PBXNativeTarget;
			buildConfigurationList = 9C978A3323F625E800F1BA3D /* Build configuration list for PBXNativeTarget "BeforeAndAfterUITests" */;
			buildPhases = (
				9C978A2023F625E800F1BA3D /* Sources */,
				9C978A2123F625E800F1BA3D /* Frameworks */,
				9C978A2223F625E800F1BA3D /* Resources */,
			);
			buildRules = (
			);
			dependencies = (
				9C978A2623F625E800F1BA3D /* PBXTargetDependency */,
			);
			name = BeforeAndAfterUITests;
			productName = BeforeAndAfterUITests;
			productReference = 9C978A2423F625E800F1BA3D /* BeforeAndAfterUITests.xctest */;
			productType = "com.apple.product-type.bundle.ui-testing";
		};
/* End PBXNativeTarget section */

/* Begin PBXProject section */
		9C9789FB23F625E600F1BA3D /* Project object */ = {
			isa = PBXProject;
			attributes = {
				LastSwiftUpdateCheck = 1120;
				LastUpgradeCheck = 1120;
				ORGANIZATIONNAME = "松島勇貴";
				TargetAttributes = {
					9C978A0223F625E600F1BA3D = {
						CreatedOnToolsVersion = 11.2.1;
					};
					9C978A1823F625E800F1BA3D = {
						CreatedOnToolsVersion = 11.2.1;
						TestTargetID = 9C978A0223F625E600F1BA3D;
					};
					9C978A2323F625E800F1BA3D = {
						CreatedOnToolsVersion = 11.2.1;
						TestTargetID = 9C978A0223F625E600F1BA3D;
					};
				};
			};
			buildConfigurationList = 9C9789FE23F625E600F1BA3D /* Build configuration list for PBXProject "BeforeAndAfter" */;
			compatibilityVersion = "Xcode 9.3";
			developmentRegion = en;
			hasScannedForEncodings = 0;
			knownRegions = (
				en,
				Base,
			);
			mainGroup = 9C9789FA23F625E600F1BA3D;
			productRefGroup = 9C978A0423F625E600F1BA3D /* Products */;
			projectDirPath = "";
			projectRoot = "";
			targets = (
				9C978A0223F625E600F1BA3D /* BeforeAndAfter */,
				9C978A1823F625E800F1BA3D /* BeforeAndAfterTests */,
				9C978A2323F625E800F1BA3D /* BeforeAndAfterUITests */,
			);
		};
/* End PBXProject section */

/* Begin PBXResourcesBuildPhase section */
		9C978A0123F625E600F1BA3D /* Resources */ = {
			isa = PBXResourcesBuildPhase;
			buildActionMask = 2147483647;
			files = (
				9C978A1323F625E700F1BA3D /* LaunchScreen.storyboard in Resources */,
				9C978A1023F625E700F1BA3D /* Preview Assets.xcassets in Resources */,
				9C978A0D23F625E700F1BA3D /* Assets.xcassets in Resources */,
			);
			runOnlyForDeploymentPostprocessing = 0;
		};
		9C978A1723F625E800F1BA3D /* Resources */ = {
			isa = PBXResourcesBuildPhase;
			buildActionMask = 2147483647;
			files = (
			);
			runOnlyForDeploymentPostprocessing = 0;
		};
		9C978A2223F625E800F1BA3D /* Resources */ = {
			isa = PBXResourcesBuildPhase;
			buildActionMask = 2147483647;
			files = (
			);
			runOnlyForDeploymentPostprocessing = 0;
		};
/* End PBXResourcesBuildPhase section */

/* Begin PBXSourcesBuildPhase section */
		9C9789FF23F625E600F1BA3D /* Sources */ = {
			isa = PBXSourcesBuildPhase;
			buildActionMask = 2147483647;
			files = (
				9C978A0723F625E600F1BA3D /* AppDelegate.swift in Sources */,
				9C978A0923F625E600F1BA3D /* SceneDelegate.swift in Sources */,
				9C978A0B23F625E600F1BA3D /* ContentView.swift in Sources */,
			);
			runOnlyForDeploymentPostprocessing = 0;
		};
		9C978A1523F625E800F1BA3D /* Sources */ = {
			isa = PBXSourcesBuildPhase;
			buildActionMask = 2147483647;
			files = (
				9C978A1E23F625E800F1BA3D /* BeforeAndAfterTests.swift in Sources */,
			);
			runOnlyForDeploymentPostprocessing = 0;
		};
		9C978A2023F625E800F1BA3D /* Sources */ = {
			isa = PBXSourcesBuildPhase;
			buildActionMask = 2147483647;
			files = (
				9C978A2923F625E800F1BA3D /* BeforeAndAfterUITests.swift in Sources */,
			);
			runOnlyForDeploymentPostprocessing = 0;
		};
/* End PBXSourcesBuildPhase section */

/* Begin PBXTargetDependency section */
		9C978A1B23F625E800F1BA3D /* PBXTargetDependency */ = {
			isa = PBXTargetDependency;
			target = 9C978A0223F625E600F1BA3D /* BeforeAndAfter */;
			targetProxy = 9C978A1A23F625E800F1BA3D /* PBXContainerItemProxy */;
		};
		9C978A2623F625E800F1BA3D /* PBXTargetDependency */ = {
			isa = PBXTargetDependency;
			target = 9C978A0223F625E600F1BA3D /* BeforeAndAfter */;
			targetProxy = 9C978A2523F625E800F1BA3D /* PBXContainerItemProxy */;
		};
/* End PBXTargetDependency section */

/* Begin PBXVariantGroup section */
		9C978A1123F625E700F1BA3D /* LaunchScreen.storyboard */ = {
			isa = PBXVariantGroup;
			children = (
				9C978A1223F625E700F1BA3D /* Base */,
			);
			name = LaunchScreen.storyboard;
			sourceTree = "<group>";
		};
/* End PBXVariantGroup section */

/* Begin XCBuildConfiguration section */
		9C978A2B23F625E800F1BA3D /* Debug */ = {
			isa = XCBuildConfiguration;
			buildSettings = {
				ALWAYS_SEARCH_USER_PATHS = NO;
				CLANG_ANALYZER_NONNULL = YES;
				CLANG_ANALYZER_NUMBER_OBJECT_CONVERSION = YES_AGGRESSIVE;
				CLANG_CXX_LANGUAGE_STANDARD = "gnu++14";
				CLANG_CXX_LIBRARY = "libc++";
				CLANG_ENABLE_MODULES = YES;
				CLANG_ENABLE_OBJC_ARC = YES;
				CLANG_ENABLE_OBJC_WEAK = YES;
				CLANG_WARN_BLOCK_CAPTURE_AUTORELEASING = YES;
				CLANG_WARN_BOOL_CONVERSION = YES;
				CLANG_WARN_COMMA = YES;
				CLANG_WARN_CONSTANT_CONVERSION = YES;
				CLANG_WARN_DEPRECATED_OBJC_IMPLEMENTATIONS = YES;
				CLANG_WARN_DIRECT_OBJC_ISA_USAGE = YES_ERROR;
				CLANG_WARN_DOCUMENTATION_COMMENTS = YES;
				CLANG_WARN_EMPTY_BODY = YES;
				CLANG_WARN_ENUM_CONVERSION = YES;
				CLANG_WARN_INFINITE_RECURSION = YES;
				CLANG_WARN_INT_CONVERSION = YES;
				CLANG_WARN_NON_LITERAL_NULL_CONVERSION = YES;
				CLANG_WARN_OBJC_IMPLICIT_RETAIN_SELF = YES;
				CLANG_WARN_OBJC_LITERAL_CONVERSION = YES;
				CLANG_WARN_OBJC_ROOT_CLASS = YES_ERROR;
				CLANG_WARN_RANGE_LOOP_ANALYSIS = YES;
				CLANG_WARN_STRICT_PROTOTYPES = YES;
				CLANG_WARN_SUSPICIOUS_MOVE = YES;
				CLANG_WARN_UNGUARDED_AVAILABILITY = YES_AGGRESSIVE;
				CLANG_WARN_UNREACHABLE_CODE = YES;
				CLANG_WARN__DUPLICATE_METHOD_MATCH = YES;
				COPY_PHASE_STRIP = NO;
				DEBUG_INFORMATION_FORMAT = dwarf;
				ENABLE_STRICT_OBJC_MSGSEND = YES;
				ENABLE_TESTABILITY = YES;
				GCC_C_LANGUAGE_STANDARD = gnu11;
				GCC_DYNAMIC_NO_PIC = NO;
				GCC_NO_COMMON_BLOCKS = YES;
				GCC_OPTIMIZATION_LEVEL = 0;
				GCC_PREPROCESSOR_DEFINITIONS = (
					"DEBUG=1",
					"$(inherited)",
				);
				GCC_WARN_64_TO_32_BIT_CONVERSION = YES;
				GCC_WARN_ABOUT_RETURN_TYPE = YES_ERROR;
				GCC_WARN_UNDECLARED_SELECTOR = YES;
				GCC_WARN_UNINITIALIZED_AUTOS = YES_AGGRESSIVE;
				GCC_WARN_UNUSED_FUNCTION = YES;
				GCC_WARN_UNUSED_VARIABLE = YES;
				IPHONEOS_DEPLOYMENT_TARGET = 13.2;
				MTL_ENABLE_DEBUG_INFO = INCLUDE_SOURCE;
				MTL_FAST_MATH = YES;
				ONLY_ACTIVE_ARCH = YES;
				SDKROOT = iphoneos;
				SWIFT_ACTIVE_COMPILATION_CONDITIONS = DEBUG;
				SWIFT_OPTIMIZATION_LEVEL = "-Onone";
			};
			name = Debug;
		};
		9C978A2C23F625E800F1BA3D /* Release */ = {
			isa = XCBuildConfiguration;
			buildSettings = {
				ALWAYS_SEARCH_USER_PATHS = NO;
				CLANG_ANALYZER_NONNULL = YES;
				CLANG_ANALYZER_NUMBER_OBJECT_CONVERSION = YES_AGGRESSIVE;
				CLANG_CXX_LANGUAGE_STANDARD = "gnu++14";
				CLANG_CXX_LIBRARY = "libc++";
				CLANG_ENABLE_MODULES = YES;
				CLANG_ENABLE_OBJC_ARC = YES;
				CLANG_ENABLE_OBJC_WEAK = YES;
				CLANG_WARN_BLOCK_CAPTURE_AUTORELEASING = YES;
				CLANG_WARN_BOOL_CONVERSION = YES;
				CLANG_WARN_COMMA = YES;
				CLANG_WARN_CONSTANT_CONVERSION = YES;
				CLANG_WARN_DEPRECATED_OBJC_IMPLEMENTATIONS = YES;
				CLANG_WARN_DIRECT_OBJC_ISA_USAGE = YES_ERROR;
				CLANG_WARN_DOCUMENTATION_COMMENTS = YES;
				CLANG_WARN_EMPTY_BODY = YES;
				CLANG_WARN_ENUM_CONVERSION = YES;
				CLANG_WARN_INFINITE_RECURSION = YES;
				CLANG_WARN_INT_CONVERSION = YES;
				CLANG_WARN_NON_LITERAL_NULL_CONVERSION = YES;
				CLANG_WARN_OBJC_IMPLICIT_RETAIN_SELF = YES;
				CLANG_WARN_OBJC_LITERAL_CONVERSION = YES;
				CLANG_WARN_OBJC_ROOT_CLASS = YES_ERROR;
				CLANG_WARN_RANGE_LOOP_ANALYSIS = YES;
				CLANG_WARN_STRICT_PROTOTYPES = YES;
				CLANG_WARN_SUSPICIOUS_MOVE = YES;
				CLANG_WARN_UNGUARDED_AVAILABILITY = YES_AGGRESSIVE;
				CLANG_WARN_UNREACHABLE_CODE = YES;
				CLANG_WARN__DUPLICATE_METHOD_MATCH = YES;
				COPY_PHASE_STRIP = NO;
				DEBUG_INFORMATION_FORMAT = "dwarf-with-dsym";
				ENABLE_NS_ASSERTIONS = NO;
				ENABLE_STRICT_OBJC_MSGSEND = YES;
				GCC_C_LANGUAGE_STANDARD = gnu11;
				GCC_NO_COMMON_BLOCKS = YES;
				GCC_WARN_64_TO_32_BIT_CONVERSION = YES;
				GCC_WARN_ABOUT_RETURN_TYPE = YES_ERROR;
				GCC_WARN_UNDECLARED_SELECTOR = YES;
				GCC_WARN_UNINITIALIZED_AUTOS = YES_AGGRESSIVE;
				GCC_WARN_UNUSED_FUNCTION = YES;
				GCC_WARN_UNUSED_VARIABLE = YES;
				IPHONEOS_DEPLOYMENT_TARGET = 13.2;
				MTL_ENABLE_DEBUG_INFO = NO;
				MTL_FAST_MATH = YES;
				SDKROOT = iphoneos;
				SWIFT_COMPILATION_MODE = wholemodule;
				SWIFT_OPTIMIZATION_LEVEL = "-O";
				VALIDATE_PRODUCT = YES;
			};
			name = Release;
		};
		9C978A2E23F625E800F1BA3D /* Debug */ = {
			isa = XCBuildConfiguration;
			buildSettings = {
				ASSETCATALOG_COMPILER_APPICON_NAME = AppIcon;
				CODE_SIGN_STYLE = Automatic;
				DEVELOPMENT_ASSET_PATHS = "\"BeforeAndAfter/Preview Content\"";
				DEVELOPMENT_TEAM = U7VG5Q4924;
				ENABLE_PREVIEWS = YES;
				INFOPLIST_FILE = BeforeAndAfter/Info.plist;
				LD_RUNPATH_SEARCH_PATHS = (
					"$(inherited)",
					"@executable_path/Frameworks",
				);
				PRODUCT_BUNDLE_IDENTIFIER = com.matsuchiyo.BeforeAndAfter;
				PRODUCT_NAME = "$(TARGET_NAME)";
				SWIFT_VERSION = 5.0;
				TARGETED_DEVICE_FAMILY = "1,2";
			};
			name = Debug;
		};
		9C978A2F23F625E800F1BA3D /* Release */ = {
			isa = XCBuildConfiguration;
			buildSettings = {
				ASSETCATALOG_COMPILER_APPICON_NAME = AppIcon;
				CODE_SIGN_STYLE = Automatic;
				DEVELOPMENT_ASSET_PATHS = "\"BeforeAndAfter/Preview Content\"";
				DEVELOPMENT_TEAM = U7VG5Q4924;
				ENABLE_PREVIEWS = YES;
				INFOPLIST_FILE = BeforeAndAfter/Info.plist;
				LD_RUNPATH_SEARCH_PATHS = (
					"$(inherited)",
					"@executable_path/Frameworks",
				);
				PRODUCT_BUNDLE_IDENTIFIER = com.matsuchiyo.BeforeAndAfter;
				PRODUCT_NAME = "$(TARGET_NAME)";
				SWIFT_VERSION = 5.0;
				TARGETED_DEVICE_FAMILY = "1,2";
			};
			name = Release;
		};
		9C978A3123F625E800F1BA3D /* Debug */ = {
			isa = XCBuildConfiguration;
			buildSettings = {
				ALWAYS_EMBED_SWIFT_STANDARD_LIBRARIES = YES;
				BUNDLE_LOADER = "$(TEST_HOST)";
				CODE_SIGN_STYLE = Automatic;
				DEVELOPMENT_TEAM = U7VG5Q4924;
				INFOPLIST_FILE = BeforeAndAfterTests/Info.plist;
				IPHONEOS_DEPLOYMENT_TARGET = 13.2;
				LD_RUNPATH_SEARCH_PATHS = (
					"$(inherited)",
					"@executable_path/Frameworks",
					"@loader_path/Frameworks",
				);
				PRODUCT_BUNDLE_IDENTIFIER = com.matsuchiyo.BeforeAndAfterTests;
				PRODUCT_NAME = "$(TARGET_NAME)";
				SWIFT_VERSION = 5.0;
				TARGETED_DEVICE_FAMILY = "1,2";
				TEST_HOST = "$(BUILT_PRODUCTS_DIR)/BeforeAndAfter.app/BeforeAndAfter";
			};
			name = Debug;
		};
		9C978A3223F625E800F1BA3D /* Release */ = {
			isa = XCBuildConfiguration;
			buildSettings = {
				ALWAYS_EMBED_SWIFT_STANDARD_LIBRARIES = YES;
				BUNDLE_LOADER = "$(TEST_HOST)";
				CODE_SIGN_STYLE = Automatic;
				DEVELOPMENT_TEAM = U7VG5Q4924;
				INFOPLIST_FILE = BeforeAndAfterTests/Info.plist;
				IPHONEOS_DEPLOYMENT_TARGET = 13.2;
				LD_RUNPATH_SEARCH_PATHS = (
					"$(inherited)",
					"@executable_path/Frameworks",
					"@loader_path/Frameworks",
				);
				PRODUCT_BUNDLE_IDENTIFIER = com.matsuchiyo.BeforeAndAfterTests;
				PRODUCT_NAME = "$(TARGET_NAME)";
				SWIFT_VERSION = 5.0;
				TARGETED_DEVICE_FAMILY = "1,2";
				TEST_HOST = "$(BUILT_PRODUCTS_DIR)/BeforeAndAfter.app/BeforeAndAfter";
			};
			name = Release;
		};
		9C978A3423F625E800F1BA3D /* Debug */ = {
			isa = XCBuildConfiguration;
			buildSettings = {
				ALWAYS_EMBED_SWIFT_STANDARD_LIBRARIES = YES;
				CODE_SIGN_STYLE = Automatic;
				DEVELOPMENT_TEAM = U7VG5Q4924;
				INFOPLIST_FILE = BeforeAndAfterUITests/Info.plist;
				LD_RUNPATH_SEARCH_PATHS = (
					"$(inherited)",
					"@executable_path/Frameworks",
					"@loader_path/Frameworks",
				);
				PRODUCT_BUNDLE_IDENTIFIER = com.matsuchiyo.BeforeAndAfterUITests;
				PRODUCT_NAME = "$(TARGET_NAME)";
				SWIFT_VERSION = 5.0;
				TARGETED_DEVICE_FAMILY = "1,2";
				TEST_TARGET_NAME = BeforeAndAfter;
			};
			name = Debug;
		};
		9C978A3523F625E800F1BA3D /* Release */ = {
			isa = XCBuildConfiguration;
			buildSettings = {
				ALWAYS_EMBED_SWIFT_STANDARD_LIBRARIES = YES;
				CODE_SIGN_STYLE = Automatic;
				DEVELOPMENT_TEAM = U7VG5Q4924;
				INFOPLIST_FILE = BeforeAndAfterUITests/Info.plist;
				LD_RUNPATH_SEARCH_PATHS = (
					"$(inherited)",
					"@executable_path/Frameworks",
					"@loader_path/Frameworks",
				);
				PRODUCT_BUNDLE_IDENTIFIER = com.matsuchiyo.BeforeAndAfterUITests;
				PRODUCT_NAME = "$(TARGET_NAME)";
				SWIFT_VERSION = 5.0;
				TARGETED_DEVICE_FAMILY = "1,2";
				TEST_TARGET_NAME = BeforeAndAfter;
			};
			name = Release;
		};
/* End XCBuildConfiguration section */

/* Begin XCConfigurationList section */
		9C9789FE23F625E600F1BA3D /* Build configuration list for PBXProject "BeforeAndAfter" */ = {
			isa = XCConfigurationList;
			buildConfigurations = (
				9C978A2B23F625E800F1BA3D /* Debug */,
				9C978A2C23F625E800F1BA3D /* Release */,
			);
			defaultConfigurationIsVisible = 0;
			defaultConfigurationName = Release;
		};
		9C978A2D23F625E800F1BA3D /* Build configuration list for PBXNativeTarget "BeforeAndAfter" */ = {
			isa = XCConfigurationList;
			buildConfigurations = (
				9C978A2E23F625E800F1BA3D /* Debug */,
				9C978A2F23F625E800F1BA3D /* Release */,
			);
			defaultConfigurationIsVisible = 0;
			defaultConfigurationName = Release;
		};
		9C978A3023F625E800F1BA3D /* Build configuration list for PBXNativeTarget "BeforeAndAfterTests" */ = {
			isa = XCConfigurationList;
			buildConfigurations = (
				9C978A3123F625E800F1BA3D /* Debug */,
				9C978A3223F625E800F1BA3D /* Release */,
			);
			defaultConfigurationIsVisible = 0;
			defaultConfigurationName = Release;
		};
		9C978A3323F625E800F1BA3D /* Build configuration list for PBXNativeTarget "BeforeAndAfterUITests" */ = {
			isa = XCConfigurationList;
			buildConfigurations = (
				9C978A3423F625E800F1BA3D /* Debug */,
				9C978A3523F625E800F1BA3D /* Release */,
			);
			defaultConfigurationIsVisible = 0;
			defaultConfigurationName = Release;
		};
/* End XCConfigurationList section */
	};
	rootObject = 9C9789FB23F625E600F1BA3D /* Project object */;
}
